<Solution>
  <Folder Name="/src/">
    <Project Path="src/ClinicaSaaS.Api/ClinicaSaaS.Api.csproj" />
    <Project Path="src/ClinicaSaaS.Services/ClinicaSaaS.Services.csproj" />
    <Project Path="src/ClinicaSaaS.Domain/ClinicaSaaS.Domain.csproj" />
    <Project Path="src/ClinicaSaaS.Infrastructure/ClinicaSaaS.Infrastructure.csproj" />
  </Folder>
  <Folder Name="/tests/">
    <Project Path="tests/ClinicaSaaS.Services.Tests/ClinicaSaaS.Services.Tests.csproj" />
  </Folder>
</Solution>
